PODS:
  - AFNetworking (4.0.1):
    - AFNetworking/NSURLSession (= 4.0.1)
    - AFNetworking/Reachability (= 4.0.1)
    - AFNetworking/Security (= 4.0.1)
    - AFNetworking/Serialization (= 4.0.1)
    - AFNetworking/UIKit (= 4.0.1)
  - AFNetworking/NSURLSession (4.0.1):
    - AFNetworking/Reachability
    - AFNetworking/Security
    - AFNetworking/Serialization
  - AFNetworking/Reachability (4.0.1)
  - AFNetworking/Security (4.0.1)
  - AFNetworking/Serialization (4.0.1)
  - AFNetworking/UIKit (4.0.1):
    - AFNetworking/NSURLSession
  - AlipaySDK-iOS (15.7.4)
  - IQKeyboardManager (6.5.5)
  - Masonry (1.1.0)
  - MBProgressHUD (1.1.0)
  - MJExtension (3.2.1)
  - MJRefresh (3.4.3)
  - SDCycleScrollView (1.80):
    - SDWebImage (>= 5.0.0)
  - SDWebImage (5.8.1):
    - SDWebImage/Core (= 5.8.1)
  - SDWebImage/Core (5.8.1)
  - SVProgressHUD-0.8.1 (0.8)
  - TYPagerController (2.1.2)
  - UMCCommon (2.1.4)
  - UMCCommonLog (1.0.0)
  - UMCPush (3.2.4):
    - UMCCommon
  - UMCShare/Core (6.9.8):
    - UMCCommon
  - UMCShare/Social/ReducedQQ (6.9.8):
    - UMCCommon
    - UMCShare/Core
  - UMCShare/Social/ReducedWeChat (6.9.8):
    - UMCCommon
    - UMCShare/Core
  - WechatOpenSDK (1.8.7.1)

DEPENDENCIES:
  - AFNetworking
  - AlipaySDK-iOS
  - IQKeyboardManager
  - Masonry
  - MBProgressHUD (~> 1.1.0)
  - MJExtension
  - MJRefresh
  - SDCycleScrollView (~> 1.80)
  - SDWebImage
  - SVProgressHUD-0.8.1
  - TYPagerController
  - UMCCommon
  - UMCCommonLog
  - UMCPush
  - UMCShare/Social/ReducedQQ
  - UMCShare/Social/ReducedWeChat
  - WechatOpenSDK

SPEC REPOS:
  https://github.com/cocoapods/specs.git:
    - AFNetworking
    - AlipaySDK-iOS
    - IQKeyboardManager
    - Masonry
    - MBProgressHUD
    - MJExtension
    - MJRefresh
    - SDCycleScrollView
    - SDWebImage
    - SVProgressHUD-0.8.1
    - TYPagerController
    - UMCCommon
    - UMCCommonLog
    - UMCPush
    - UMCShare
    - WechatOpenSDK

SPEC CHECKSUMS:
  AFNetworking: 7864c38297c79aaca1500c33288e429c3451fdce
  AlipaySDK-iOS: 8659cdb4403de7e5f26ad8b699864a9cbe53384c
  IQKeyboardManager: 3a8b9e603f8b0eeaf5f096a1f2b2cfcf121992ef
  Masonry: 678fab65091a9290e40e2832a55e7ab731aad201
  MBProgressHUD: e7baa36a220447d8aeb12769bf0585582f3866d9
  MJExtension: 635f2c663dcb1bf76fa4b715b2570a5710aec545
  MJRefresh: 53e3e3219f204425ee6d3e62e8733d3295944cd6
  SDCycleScrollView: b3c9a5ed840c771c4938978174c7c9d9feefeb96
  SDWebImage: e3eae2eda88578db0685a0c88597fdadd9433f05
  SVProgressHUD-0.8.1: ee9e6e58b5b5ffaf3f1a62c2dc409763470df143
  TYPagerController: 262556ecef99986d26ed77fb1288a198ed42f4af
  UMCCommon: b0703b0053323f598e01670ea702b8eb1e66e611
  UMCCommonLog: 05a2d5de21858e3d870551562cff405c1366d244
  UMCPush: 1edd856027dcf905333effb4040ace5d236a7316
  UMCShare: a250203b34a56cde25cc4c28335449b542f0255d
  WechatOpenSDK: 6a4d1436c15b3b5fe2a0bd383f3046010186da44

PODFILE CHECKSUM: a2436317589482a7c70671b48bc06882a125ff95

COCOAPODS: 1.7.2
